
Microsoft Visual Studio Solution File, Format Version 12.00
# Visual Studio Version 17
VisualStudioVersion = 17.2.32505.173
MinimumVisualStudioVersion = 10.0.40219.1
Project("{FAE04EC0-301F-11D3-BF4B-00C04F79EFBC}") = "JustApp[Kopanev]", "JustApp[Kopanev]\JustApp[Kopanev].csproj", "{8EEB2726-030B-4B63-8407-38E8BEBA9F4F}"
EndProject
Global
	GlobalSection(SolutionConfigurationPlatforms) = preSolution
		Debug|Any CPU = Debug|Any CPU
		Release|Any CPU = Release|Any CPU
	EndGlobalSection
	GlobalSection(ProjectConfigurationPlatforms) = postSolution
		{8EEB2726-030B-4B63-8407-38E8BEBA9F4F}.Debug|Any CPU.ActiveCfg = Debug|Any CPU
		{8EEB2726-030B-4B63-8407-38E8BEBA9F4F}.Debug|Any CPU.Build.0 = Debug|Any CPU
		{8EEB2726-030B-4B63-8407-38E8BEBA9F4F}.Release|Any CPU.ActiveCfg = Release|Any CPU
		{8EEB2726-030B-4B63-8407-38E8BEBA9F4F}.Release|Any CPU.Build.0 = Release|Any CPU
	EndGlobalSection
	GlobalSection(SolutionProperties) = preSolution
		HideSolutionNode = FALSE
	EndGlobalSection
	GlobalSection(ExtensibilityGlobals) = postSolution
		SolutionGuid = {D28EC983-D1E1-46E6-8DE1-00A96B46E6C9}
	EndGlobalSection
EndGlobal
